
Microsoft Visual Studio Solution File, Format Version 12.00
# Visual Studio Version 16
VisualStudioVersion = 16.0.29519.87
MinimumVisualStudioVersion = 10.0.40219.1
Project("{FAE04EC0-301F-11D3-BF4B-00C04F79EFBC}") = "excel", "excel.csproj", "{3694B8D2-D9FF-49EC-A706-EE74237DEA1F}"
EndProject
Global
	GlobalSection(SolutionConfigurationPlatforms) = preSolution
		Debug|Any CPU = Debug|Any CPU
		Release|Any CPU = Release|Any CPU
	EndGlobalSection
	GlobalSection(ProjectConfigurationPlatforms) = postSolution
		{3694B8D2-D9FF-49EC-A706-EE74237DEA1F}.Debug|Any CPU.ActiveCfg = Debug|Any CPU
		{3694B8D2-D9FF-49EC-A706-EE74237DEA1F}.Debug|Any CPU.Build.0 = Debug|Any CPU
		{3694B8D2-D9FF-49EC-A706-EE74237DEA1F}.Release|Any CPU.ActiveCfg = Release|Any CPU
		{3694B8D2-D9FF-49EC-A706-EE74237DEA1F}.Release|Any CPU.Build.0 = Release|Any CPU
	EndGlobalSection
	GlobalSection(SolutionProperties) = preSolution
		HideSolutionNode = FALSE
	EndGlobalSection
	GlobalSection(ExtensibilityGlobals) = postSolution
		SolutionGuid = {16B85584-46EF-4972-9595-0C8BD7332670}
	EndGlobalSection
EndGlobal
